
Microsoft Visual Studio Solution File, Format Version 12.00
# Visual Studio Version 17
VisualStudioVersion = 17.9.34723.18
MinimumVisualStudioVersion = 10.0.40219.1
Project("{FAE04EC0-301F-11D3-BF4B-00C04F79EFBC}") = "HotelManagementSystem", "HotelManagementSystem\HotelManagementSystem.csproj", "{249A2CEF-E98A-4FF3-B703-A4E67E33D748}"
EndProject
Global
	GlobalSection(SolutionConfigurationPlatforms) = preSolution
		Debug|Any CPU = Debug|Any CPU
		Release|Any CPU = Release|Any CPU
	EndGlobalSection
	GlobalSection(ProjectConfigurationPlatforms) = postSolution
		{249A2CEF-E98A-4FF3-B703-A4E67E33D748}.Debug|Any CPU.ActiveCfg = Debug|Any CPU
		{249A2CEF-E98A-4FF3-B703-A4E67E33D748}.Debug|Any CPU.Build.0 = Debug|Any CPU
		{249A2CEF-E98A-4FF3-B703-A4E67E33D748}.Release|Any CPU.ActiveCfg = Release|Any CPU
		{249A2CEF-E98A-4FF3-B703-A4E67E33D748}.Release|Any CPU.Build.0 = Release|Any CPU
	EndGlobalSection
	GlobalSection(SolutionProperties) = preSolution
		HideSolutionNode = FALSE
	EndGlobalSection
	GlobalSection(ExtensibilityGlobals) = postSolution
		SolutionGuid = {6CE7999F-1FEB-4BC6-BACD-D65446D7AC9A}
	EndGlobalSection
EndGlobal
